
Microsoft Visual Studio Solution File, Format Version 12.00
# Visual Studio Version 16
VisualStudioVersion = 16.0.30114.105
MinimumVisualStudioVersion = 10.0.40219.1
Project("{FAE04EC0-301F-11D3-BF4B-00C04F79EFBC}") = "API", "API\API.csproj", "{AF70759D-A371-4673-A16E-E52EA3822253}"
EndProject
Global
	GlobalSection(SolutionConfigurationPlatforms) = preSolution
		Debug|Any CPU = Debug|Any CPU
		Release|Any CPU = Release|Any CPU
	EndGlobalSection
	GlobalSection(SolutionProperties) = preSolution
		HideSolutionNode = FALSE
	EndGlobalSection
	GlobalSection(ProjectConfigurationPlatforms) = postSolution
		{AF70759D-A371-4673-A16E-E52EA3822253}.Debug|Any CPU.ActiveCfg = Debug|Any CPU
		{AF70759D-A371-4673-A16E-E52EA3822253}.Debug|Any CPU.Build.0 = Debug|Any CPU
		{AF70759D-A371-4673-A16E-E52EA3822253}.Release|Any CPU.ActiveCfg = Release|Any CPU
		{AF70759D-A371-4673-A16E-E52EA3822253}.Release|Any CPU.Build.0 = Release|Any CPU
	EndGlobalSection
EndGlobal
